
Microsoft Visual Studio Solution File, Format Version 12.00
# Visual Studio Version 17
VisualStudioVersion = 17.9.34701.34
MinimumVisualStudioVersion = 10.0.40219.1
Project("{FAE04EC0-301F-11D3-BF4B-00C04F79EFBC}") = "TestConsole", "TestConsole\TestConsole.csproj", "{1E673FA2-235F-4F9F-9FCC-38A4F84245C6}"
EndProject
Project("{FAE04EC0-301F-11D3-BF4B-00C04F79EFBC}") = "TestUnit", "TestUnit\TestUnit.csproj", "{A73CC2E2-2E1E-4A13-91EF-327ADC40697E}"
EndProject
Global
	GlobalSection(SolutionConfigurationPlatforms) = preSolution
		Debug|Any CPU = Debug|Any CPU
		Release|Any CPU = Release|Any CPU
	EndGlobalSection
	GlobalSection(ProjectConfigurationPlatforms) = postSolution
		{1E673FA2-235F-4F9F-9FCC-38A4F84245C6}.Debug|Any CPU.ActiveCfg = Debug|Any CPU
		{1E673FA2-235F-4F9F-9FCC-38A4F84245C6}.Debug|Any CPU.Build.0 = Debug|Any CPU
		{1E673FA2-235F-4F9F-9FCC-38A4F84245C6}.Release|Any CPU.ActiveCfg = Release|Any CPU
		{1E673FA2-235F-4F9F-9FCC-38A4F84245C6}.Release|Any CPU.Build.0 = Release|Any CPU
		{A73CC2E2-2E1E-4A13-91EF-327ADC40697E}.Debug|Any CPU.ActiveCfg = Debug|Any CPU
		{A73CC2E2-2E1E-4A13-91EF-327ADC40697E}.Debug|Any CPU.Build.0 = Debug|Any CPU
		{A73CC2E2-2E1E-4A13-91EF-327ADC40697E}.Release|Any CPU.ActiveCfg = Release|Any CPU
		{A73CC2E2-2E1E-4A13-91EF-327ADC40697E}.Release|Any CPU.Build.0 = Release|Any CPU
	EndGlobalSection
	GlobalSection(SolutionProperties) = preSolution
		HideSolutionNode = FALSE
	EndGlobalSection
	GlobalSection(ExtensibilityGlobals) = postSolution
		SolutionGuid = {29C714E0-291C-488E-A3DA-9256FBABD159}
	EndGlobalSection
EndGlobal
